// !$*UTF8*$!
{
	archiveVersion = 1;
	classes = {
	};
	objectVersion = 46;
	objects = {

/* Begin PBXBuildFile section */
		920756E81B3100E000EBD30D /* main.c in Sources */ = {isa = PBXBuildFile; fileRef = 920756E71B3100E000EBD30D /* main.c */; };
		920756EF1B3106E600EBD30D /* PrintPathToLeafs.c in Sources */ = {isa = PBXBuildFile; fileRef = 920756EE1B3106E600EBD30D /* PrintPathToLeafs.c */; };
/* End PBXBuildFile section */

/* Begin PBXCopyFilesBuildPhase section */
		920756E21B3100E000EBD30D /* CopyFiles */ = {
			isa = PBXCopyFilesBuildPhase;
			buildActionMask = 2147483647;
			dstPath = /usr/share/man/man1/;
			dstSubfolderSpec = 0;
			files = (
			);
			runOnlyForDeploymentPostprocessing = 1;
		};
/* End PBXCopyFilesBuildPhase section */

/* Begin PBXFileReference section */
		920756E41B3100E000EBD30D /* algorithm study c */ = {isa = PBXFileReference; explicitFileType = "compiled.mach-o.executable"; includeInIndex = 0; path = "algorithm study c"; sourceTree = BUILT_PRODUCTS_DIR; };
		920756E71B3100E000EBD30D /* main.c */ = {isa = PBXFileReference; lastKnownFileType = sourcecode.c.c; path = main.c; sourceTree = "<group>"; };
		920756EE1B3106E600EBD30D /* PrintPathToLeafs.c */ = {isa = PBXFileReference; fileEncoding = 4; lastKnownFileType = sourcecode.c.c; path = PrintPathToLeafs.c; sourceTree = "<group>"; };
/* End PBXFileReference section */

/* Begin PBXFrameworksBuildPhase section */
		920756E11B3100E000EBD30D /* Frameworks */ = {
			isa = PBXFrameworksBuildPhase;
			buildActionMask = 2147483647;
			files = (
			);
			runOnlyForDeploymentPostprocessing = 0;
		};
/* End PBXFrameworksBuildPhase section */

/* Begin PBXGroup section */
		920756DB1B3100E000EBD30D = {
			isa = PBXGroup;
			children = (
				920756E61B3100E000EBD30D /* algorithm study c */,
				920756E51B3100E000EBD30D /* Products */,
			);
			sourceTree = "<group>";
		};
		920756E51B3100E000EBD30D /* Products */ = {
			isa = PBXGroup;
			children = (
				920756E41B3100E000EBD30D /* algorithm study c */,
			);
			name = Products;
			sourceTree = "<group>";
		};
		920756E61B3100E000EBD30D /* algorithm study c */ = {
			isa = PBXGroup;
			children = (
				920756E71B3100E000EBD30D /* main.c */,
				920756EE1B3106E600EBD30D /* PrintPathToLeafs.c */,
			);
			path = "algorithm study c";
			sourceTree = "<group>";
		};
/* End PBXGroup section */

/* Begin PBXNativeTarget section */
		920756E31B3100E000EBD30D /* algorithm study c */ = {
			isa = PBXNativeTarget;
			buildConfigurationList = 920756EB1B3100E000EBD30D /* Build configuration list for PBXNativeTarget "algorithm study c" */;
			buildPhases = (
				920756E01B3100E000EBD30D /* Sources */,
				920756E11B3100E000EBD30D /* Frameworks */,
				920756E21B3100E000EBD30D /* CopyFiles */,
			);
			buildRules = (
			);
			dependencies = (
			);
			name = "algorithm study c";
			productName = "algorithm study c";
			productReference = 920756E41B3100E000EBD30D /* algorithm study c */;
			productType = "com.apple.product-type.tool";
		};
/* End PBXNativeTarget section */

/* Begin PBXProject section */
		920756DC1B3100E000EBD30D /* Project object */ = {
			isa = PBXProject;
			attributes = {
				LastUpgradeCheck = 0630;
				ORGANIZATIONNAME = "___ANTONIO_TARI___";
				TargetAttributes = {
					920756E31B3100E000EBD30D = {
						CreatedOnToolsVersion = 6.3.1;
					};
				};
			};
			buildConfigurationList = 920756DF1B3100E000EBD30D /* Build configuration list for PBXProject "algorithm study c" */;
			compatibilityVersion = "Xcode 3.2";
			developmentRegion = English;
			hasScannedForEncodings = 0;
			knownRegions = (
				en,
			);
			mainGroup = 920756DB1B3100E000EBD30D;
			productRefGroup = 920756E51B3100E000EBD30D /* Products */;
			projectDirPath = "";
			projectRoot = "";
			targets = (
				920756E31B3100E000EBD30D /* algorithm study c */,
			);
		};
/* End PBXProject section */

/* Begin PBXSourcesBuildPhase section */
		920756E01B3100E000EBD30D /* Sources */ = {
			isa = PBXSourcesBuildPhase;
			buildActionMask = 2147483647;
			files = (
				920756E81B3100E000EBD30D /* main.c in Sources */,
				920756EF1B3106E600EBD30D /* PrintPathToLeafs.c in Sources */,
			);
			runOnlyForDeploymentPostprocessing = 0;
		};
/* End PBXSourcesBuildPhase section */

/* Begin XCBuildConfiguration section */
		920756E91B3100E000EBD30D /* Debug */ = {
			isa = XCBuildConfiguration;
			buildSettings = {
				ALWAYS_SEARCH_USER_PATHS = NO;
				CLANG_CXX_LANGUAGE_STANDARD = "gnu++0x";
				CLANG_CXX_LIBRARY = "libc++";
				CLANG_ENABLE_MODULES = YES;
				CLANG_ENABLE_OBJC_ARC = YES;
				CLANG_WARN_BOOL_CONVERSION = YES;
				CLANG_WARN_CONSTANT_CONVERSION = YES;
				CLANG_WARN_DIRECT_OBJC_ISA_USAGE = YES_ERROR;
				CLANG_WARN_EMPTY_BODY = YES;
				CLANG_WARN_ENUM_CONVERSION = YES;
				CLANG_WARN_INT_CONVERSION = YES;
				CLANG_WARN_OBJC_ROOT_CLASS = YES_ERROR;
				CLANG_WARN_UNREACHABLE_CODE = YES;
				CLANG_WARN__DUPLICATE_METHOD_MATCH = YES;
				COPY_PHASE_STRIP = NO;
				DEBUG_INFORMATION_FORMAT = dwarf;
				ENABLE_STRICT_OBJC_MSGSEND = YES;
				GCC_C_LANGUAGE_STANDARD = gnu99;
				GCC_DYNAMIC_NO_PIC = NO;
				GCC_NO_COMMON_BLOCKS = YES;
				GCC_OPTIMIZATION_LEVEL = 0;
				GCC_PREPROCESSOR_DEFINITIONS = (
					"DEBUG=1",
					"$(inherited)",
				);
				GCC_SYMBOLS_PRIVATE_EXTERN = NO;
				GCC_WARN_64_TO_32_BIT_CONVERSION = YES;
				GCC_WARN_ABOUT_RETURN_TYPE = YES_ERROR;
				GCC_WARN_UNDECLARED_SELECTOR = YES;
				GCC_WARN_UNINITIALIZED_AUTOS = YES_AGGRESSIVE;
				GCC_WARN_UNUSED_FUNCTION = YES;
				GCC_WARN_UNUSED_VARIABLE = YES;
				MACOSX_DEPLOYMENT_TARGET = 10.10;
				MTL_ENABLE_DEBUG_INFO = YES;
				ONLY_ACTIVE_ARCH = YES;
				SDKROOT = macosx;
			};
			name = Debug;
		};
		920756EA1B3100E000EBD30D /* Release */ = {
			isa = XCBuildConfiguration;
			buildSettings = {
				ALWAYS_SEARCH_USER_PATHS = NO;
				CLANG_CXX_LANGUAGE_STANDARD = "gnu++0x";
				CLANG_CXX_LIBRARY = "libc++";
				CLANG_ENABLE_MODULES = YES;
				CLANG_ENABLE_OBJC_ARC = YES;
				CLANG_WARN_BOOL_CONVERSION = YES;
				CLANG_WARN_CONSTANT_CONVERSION = YES;
				CLANG_WARN_DIRECT_OBJC_ISA_USAGE = YES_ERROR;
				CLANG_WARN_EMPTY_BODY = YES;
				CLANG_WARN_ENUM_CONVERSION = YES;
				CLANG_WARN_INT_CONVERSION = YES;
				CLANG_WARN_OBJC_ROOT_CLASS = YES_ERROR;
				CLANG_WARN_UNREACHABLE_CODE = YES;
				CLANG_WARN__DUPLICATE_METHOD_MATCH = YES;
				COPY_PHASE_STRIP = NO;
				DEBUG_INFORMATION_FORMAT = "dwarf-with-dsym";
				ENABLE_NS_ASSERTIONS = NO;
				ENABLE_STRICT_OBJC_MSGSEND = YES;
				GCC_C_LANGUAGE_STANDARD = gnu99;
				GCC_NO_COMMON_BLOCKS = YES;
				GCC_WARN_64_TO_32_BIT_CONVERSION = YES;
				GCC_WARN_ABOUT_RETURN_TYPE = YES_ERROR;
				GCC_WARN_UNDECLARED_SELECTOR = YES;
				GCC_WARN_UNINITIALIZED_AUTOS = YES_AGGRESSIVE;
				GCC_WARN_UNUSED_FUNCTION = YES;
				GCC_WARN_UNUSED_VARIABLE = YES;
				MACOSX_DEPLOYMENT_TARGET = 10.10;
				MTL_ENABLE_DEBUG_INFO = NO;
				SDKROOT = macosx;
			};
			name = Release;
		};
		920756EC1B3100E000EBD30D /* Debug */ = {
			isa = XCBuildConfiguration;
			buildSettings = {
				PRODUCT_NAME = "$(TARGET_NAME)";
			};
			name = Debug;
		};
		920756ED1B3100E000EBD30D /* Release */ = {
			isa = XCBuildConfiguration;
			buildSettings = {
				PRODUCT_NAME = "$(TARGET_NAME)";
			};
			name = Release;
		};
/* End XCBuildConfiguration section */

/* Begin XCConfigurationList section */
		920756DF1B3100E000EBD30D /* Build configuration list for PBXProject "algorithm study c" */ = {
			isa = XCConfigurationList;
			buildConfigurations = (
				920756E91B3100E000EBD30D /* Debug */,
				920756EA1B3100E000EBD30D /* Release */,
			);
			defaultConfigurationIsVisible = 0;
			defaultConfigurationName = Release;
		};
		920756EB1B3100E000EBD30D /* Build configuration list for PBXNativeTarget "algorithm study c" */ = {
			isa = XCConfigurationList;
			buildConfigurations = (
				920756EC1B3100E000EBD30D /* Debug */,
				920756ED1B3100E000EBD30D /* Release */,
			);
			defaultConfigurationIsVisible = 0;
		};
/* End XCConfigurationList section */
	};
	rootObject = 920756DC1B3100E000EBD30D /* Project object */;
}
